
Microsoft Visual Studio Solution File, Format Version 12.00
# Visual Studio 14
VisualStudioVersion = 14.0.23107.0
MinimumVisualStudioVersion = 10.0.40219.1
Project("{FAE04EC0-301F-11D3-BF4B-00C04F79EFBC}") = "gpc", "compiler\gpc\gpc.csproj", "{D43D515E-F0A7-4A87-B959-A98C8974965F}"
EndProject
Project("{FAE04EC0-301F-11D3-BF4B-00C04F79EFBC}") = "GPIDE", "IDE\GPIDE\GPIDE.csproj", "{9E4946B0-9F40-492B-ADBB-571ED540F3BF}"
EndProject
Project("{FAE04EC0-301F-11D3-BF4B-00C04F79EFBC}") = "DebugServer", "IDE\DebugServer\DebugServer.csproj", "{FC507CF9-8414-481A-9BD6-50FE84A5266C}"
EndProject
Project("{FAE04EC0-301F-11D3-BF4B-00C04F79EFBC}") = "LibGP.Utils", "libs\LibGP.Utils\LibGP.Utils.csproj", "{00261D04-8B71-42DA-A4A5-95950B58FBE0}"
EndProject
Project("{FAE04EC0-301F-11D3-BF4B-00C04F79EFBC}") = "LibGP.Lite", "libs\LibGP.Lite\LibGP.Lite.csproj", "{1D0AC69E-7702-49F6-9199-A5C6A41E761D}"
EndProject
Project("{FAE04EC0-301F-11D3-BF4B-00C04F79EFBC}") = "LibDIV2", "libs\LibDIV2\LibDIV2.csproj", "{0A9B67DB-67AC-43DC-A073-CAFFA8D408CA}"
EndProject
Project("{FAE04EC0-301F-11D3-BF4B-00C04F79EFBC}") = "FastColoredTextBox", "libs\External.FastColoredTextBox\FastColoredTextBox.csproj", "{6DD14A85-CCFC-4774-BD26-0F5772512319}"
EndProject
Project("{FAE04EC0-301F-11D3-BF4B-00C04F79EFBC}") = "Littera2GPK", "tools\Littera2GPK\Littera2GPK.csproj", "{A98DFBE7-259F-47A5-99D0-0300B7C2C60C}"
EndProject
Project("{FAE04EC0-301F-11D3-BF4B-00C04F79EFBC}") = "GPKEditor", "tools\GPKEditor\GPKEditor.csproj", "{19515CB4-3C2F-4257-AA94-93A48B0288DC}"
EndProject
Project("{FAE04EC0-301F-11D3-BF4B-00C04F79EFBC}") = "FPG2GPK", "tools\FPG2GPK\FPG2GPK.csproj", "{203D7D73-DA71-43F0-ACFB-B6EE4C53A6FE}"
EndProject
Project("{FAE04EC0-301F-11D3-BF4B-00C04F79EFBC}") = "FNT2GPK", "tools\FNT2GPK\FNT2GPK.csproj", "{8E7B1C9F-4B9C-4D25-85ED-2EDA8E602E98}"
EndProject
Project("{FAE04EC0-301F-11D3-BF4B-00C04F79EFBC}") = "DIV2Help2HTML", "tools\DIV2Help2HTML\DIV2Help2HTML.csproj", "{86F6FF41-E794-423B-A559-9A0AAC206158}"
EndProject
Project("{2150E333-8FDC-42A3-9474-1A3956D46DE8}") = "IDE", "IDE", "{D64DA4D0-188B-4393-899E-E209EFA72982}"
EndProject
Project("{2150E333-8FDC-42A3-9474-1A3956D46DE8}") = "Libraries", "Libraries", "{50BA21A3-0A70-44D8-85AC-13A26D3AAF92}"
EndProject
Project("{2150E333-8FDC-42A3-9474-1A3956D46DE8}") = "External", "External", "{AF8BA631-A833-4609-980B-90B4DA562F91}"
EndProject
Project("{2150E333-8FDC-42A3-9474-1A3956D46DE8}") = "Tools", "Tools", "{60ED15CE-B65A-42DA-B589-25E2642490AA}"
EndProject
Project("{2150E333-8FDC-42A3-9474-1A3956D46DE8}") = "Compiler", "Compiler", "{2A99703A-93B3-4C07-BE08-AC372F6C968A}"
EndProject
Project("{2150E333-8FDC-42A3-9474-1A3956D46DE8}") = "Internal", "Internal", "{B21F1588-13BE-421A-A77A-E739BA1EDF94}"
EndProject
Project("{FAE04EC0-301F-11D3-BF4B-00C04F79EFBC}") = "LibGP.Compiler", "libs\LibGP.Compiler\LibGP.Compiler.csproj", "{5A50EAD1-9FF9-429C-8579-0C5065A73006}"
EndProject
Global
	GlobalSection(SolutionConfigurationPlatforms) = preSolution
		Debug|Any CPU = Debug|Any CPU
		Release|Any CPU = Release|Any CPU
	EndGlobalSection
	GlobalSection(ProjectConfigurationPlatforms) = postSolution
		{D43D515E-F0A7-4A87-B959-A98C8974965F}.Debug|Any CPU.ActiveCfg = Debug|Any CPU
		{D43D515E-F0A7-4A87-B959-A98C8974965F}.Debug|Any CPU.Build.0 = Debug|Any CPU
		{D43D515E-F0A7-4A87-B959-A98C8974965F}.Release|Any CPU.ActiveCfg = Release|Any CPU
		{D43D515E-F0A7-4A87-B959-A98C8974965F}.Release|Any CPU.Build.0 = Release|Any CPU
		{9E4946B0-9F40-492B-ADBB-571ED540F3BF}.Debug|Any CPU.ActiveCfg = Debug|Any CPU
		{9E4946B0-9F40-492B-ADBB-571ED540F3BF}.Debug|Any CPU.Build.0 = Debug|Any CPU
		{9E4946B0-9F40-492B-ADBB-571ED540F3BF}.Release|Any CPU.ActiveCfg = Release|Any CPU
		{9E4946B0-9F40-492B-ADBB-571ED540F3BF}.Release|Any CPU.Build.0 = Release|Any CPU
		{FC507CF9-8414-481A-9BD6-50FE84A5266C}.Debug|Any CPU.ActiveCfg = Debug|Any CPU
		{FC507CF9-8414-481A-9BD6-50FE84A5266C}.Debug|Any CPU.Build.0 = Debug|Any CPU
		{FC507CF9-8414-481A-9BD6-50FE84A5266C}.Release|Any CPU.ActiveCfg = Release|Any CPU
		{FC507CF9-8414-481A-9BD6-50FE84A5266C}.Release|Any CPU.Build.0 = Release|Any CPU
		{00261D04-8B71-42DA-A4A5-95950B58FBE0}.Debug|Any CPU.ActiveCfg = Debug|Any CPU
		{00261D04-8B71-42DA-A4A5-95950B58FBE0}.Debug|Any CPU.Build.0 = Debug|Any CPU
		{00261D04-8B71-42DA-A4A5-95950B58FBE0}.Release|Any CPU.ActiveCfg = Release|Any CPU
		{00261D04-8B71-42DA-A4A5-95950B58FBE0}.Release|Any CPU.Build.0 = Release|Any CPU
		{1D0AC69E-7702-49F6-9199-A5C6A41E761D}.Debug|Any CPU.ActiveCfg = Debug|Any CPU
		{1D0AC69E-7702-49F6-9199-A5C6A41E761D}.Debug|Any CPU.Build.0 = Debug|Any CPU
		{1D0AC69E-7702-49F6-9199-A5C6A41E761D}.Release|Any CPU.ActiveCfg = Release|Any CPU
		{1D0AC69E-7702-49F6-9199-A5C6A41E761D}.Release|Any CPU.Build.0 = Release|Any CPU
		{0A9B67DB-67AC-43DC-A073-CAFFA8D408CA}.Debug|Any CPU.ActiveCfg = Debug|Any CPU
		{0A9B67DB-67AC-43DC-A073-CAFFA8D408CA}.Debug|Any CPU.Build.0 = Debug|Any CPU
		{0A9B67DB-67AC-43DC-A073-CAFFA8D408CA}.Release|Any CPU.ActiveCfg = Release|Any CPU
		{0A9B67DB-67AC-43DC-A073-CAFFA8D408CA}.Release|Any CPU.Build.0 = Release|Any CPU
		{6DD14A85-CCFC-4774-BD26-0F5772512319}.Debug|Any CPU.ActiveCfg = Debug|Any CPU
		{6DD14A85-CCFC-4774-BD26-0F5772512319}.Debug|Any CPU.Build.0 = Debug|Any CPU
		{6DD14A85-CCFC-4774-BD26-0F5772512319}.Release|Any CPU.ActiveCfg = Release|Any CPU
		{6DD14A85-CCFC-4774-BD26-0F5772512319}.Release|Any CPU.Build.0 = Release|Any CPU
		{A98DFBE7-259F-47A5-99D0-0300B7C2C60C}.Debug|Any CPU.ActiveCfg = Debug|Any CPU
		{A98DFBE7-259F-47A5-99D0-0300B7C2C60C}.Debug|Any CPU.Build.0 = Debug|Any CPU
		{A98DFBE7-259F-47A5-99D0-0300B7C2C60C}.Release|Any CPU.ActiveCfg = Release|Any CPU
		{A98DFBE7-259F-47A5-99D0-0300B7C2C60C}.Release|Any CPU.Build.0 = Release|Any CPU
		{19515CB4-3C2F-4257-AA94-93A48B0288DC}.Debug|Any CPU.ActiveCfg = Debug|Any CPU
		{19515CB4-3C2F-4257-AA94-93A48B0288DC}.Debug|Any CPU.Build.0 = Debug|Any CPU
		{19515CB4-3C2F-4257-AA94-93A48B0288DC}.Release|Any CPU.ActiveCfg = Release|Any CPU
		{19515CB4-3C2F-4257-AA94-93A48B0288DC}.Release|Any CPU.Build.0 = Release|Any CPU
		{203D7D73-DA71-43F0-ACFB-B6EE4C53A6FE}.Debug|Any CPU.ActiveCfg = Debug|Any CPU
		{203D7D73-DA71-43F0-ACFB-B6EE4C53A6FE}.Debug|Any CPU.Build.0 = Debug|Any CPU
		{203D7D73-DA71-43F0-ACFB-B6EE4C53A6FE}.Release|Any CPU.ActiveCfg = Release|Any CPU
		{203D7D73-DA71-43F0-ACFB-B6EE4C53A6FE}.Release|Any CPU.Build.0 = Release|Any CPU
		{8E7B1C9F-4B9C-4D25-85ED-2EDA8E602E98}.Debug|Any CPU.ActiveCfg = Debug|Any CPU
		{8E7B1C9F-4B9C-4D25-85ED-2EDA8E602E98}.Debug|Any CPU.Build.0 = Debug|Any CPU
		{8E7B1C9F-4B9C-4D25-85ED-2EDA8E602E98}.Release|Any CPU.ActiveCfg = Release|Any CPU
		{8E7B1C9F-4B9C-4D25-85ED-2EDA8E602E98}.Release|Any CPU.Build.0 = Release|Any CPU
		{86F6FF41-E794-423B-A559-9A0AAC206158}.Debug|Any CPU.ActiveCfg = Debug|Any CPU
		{86F6FF41-E794-423B-A559-9A0AAC206158}.Debug|Any CPU.Build.0 = Debug|Any CPU
		{86F6FF41-E794-423B-A559-9A0AAC206158}.Release|Any CPU.ActiveCfg = Release|Any CPU
		{86F6FF41-E794-423B-A559-9A0AAC206158}.Release|Any CPU.Build.0 = Release|Any CPU
		{5A50EAD1-9FF9-429C-8579-0C5065A73006}.Debug|Any CPU.ActiveCfg = Debug|Any CPU
		{5A50EAD1-9FF9-429C-8579-0C5065A73006}.Debug|Any CPU.Build.0 = Debug|Any CPU
		{5A50EAD1-9FF9-429C-8579-0C5065A73006}.Release|Any CPU.ActiveCfg = Release|Any CPU
		{5A50EAD1-9FF9-429C-8579-0C5065A73006}.Release|Any CPU.Build.0 = Release|Any CPU
	EndGlobalSection
	GlobalSection(SolutionProperties) = preSolution
		HideSolutionNode = FALSE
	EndGlobalSection
	GlobalSection(NestedProjects) = preSolution
		{D43D515E-F0A7-4A87-B959-A98C8974965F} = {2A99703A-93B3-4C07-BE08-AC372F6C968A}
		{9E4946B0-9F40-492B-ADBB-571ED540F3BF} = {D64DA4D0-188B-4393-899E-E209EFA72982}
		{FC507CF9-8414-481A-9BD6-50FE84A5266C} = {D64DA4D0-188B-4393-899E-E209EFA72982}
		{00261D04-8B71-42DA-A4A5-95950B58FBE0} = {B21F1588-13BE-421A-A77A-E739BA1EDF94}
		{1D0AC69E-7702-49F6-9199-A5C6A41E761D} = {B21F1588-13BE-421A-A77A-E739BA1EDF94}
		{0A9B67DB-67AC-43DC-A073-CAFFA8D408CA} = {B21F1588-13BE-421A-A77A-E739BA1EDF94}
		{6DD14A85-CCFC-4774-BD26-0F5772512319} = {AF8BA631-A833-4609-980B-90B4DA562F91}
		{A98DFBE7-259F-47A5-99D0-0300B7C2C60C} = {60ED15CE-B65A-42DA-B589-25E2642490AA}
		{19515CB4-3C2F-4257-AA94-93A48B0288DC} = {60ED15CE-B65A-42DA-B589-25E2642490AA}
		{203D7D73-DA71-43F0-ACFB-B6EE4C53A6FE} = {60ED15CE-B65A-42DA-B589-25E2642490AA}
		{8E7B1C9F-4B9C-4D25-85ED-2EDA8E602E98} = {60ED15CE-B65A-42DA-B589-25E2642490AA}
		{86F6FF41-E794-423B-A559-9A0AAC206158} = {60ED15CE-B65A-42DA-B589-25E2642490AA}
		{AF8BA631-A833-4609-980B-90B4DA562F91} = {50BA21A3-0A70-44D8-85AC-13A26D3AAF92}
		{B21F1588-13BE-421A-A77A-E739BA1EDF94} = {50BA21A3-0A70-44D8-85AC-13A26D3AAF92}
		{5A50EAD1-9FF9-429C-8579-0C5065A73006} = {B21F1588-13BE-421A-A77A-E739BA1EDF94}
	EndGlobalSection
EndGlobal
