
Microsoft Visual Studio Solution File, Format Version 12.00
# Visual Studio 2012
Project("{FAE04EC0-301F-11D3-BF4B-00C04F79EFBC}") = "gpc", "gpc\gpc.csproj", "{D43D515E-F0A7-4A87-B959-A98C8974965F}"
EndProject
Project("{FAE04EC0-301F-11D3-BF4B-00C04F79EFBC}") = "LibGP.Utils", "..\libs\LibGP.Utils\LibGP.Utils.csproj", "{00261D04-8B71-42DA-A4A5-95950B58FBE0}"
EndProject
Global
	GlobalSection(SolutionConfigurationPlatforms) = preSolution
		Debug|Any CPU = Debug|Any CPU
		Release|Any CPU = Release|Any CPU
	EndGlobalSection
	GlobalSection(ProjectConfigurationPlatforms) = postSolution
		{D43D515E-F0A7-4A87-B959-A98C8974965F}.Debug|Any CPU.ActiveCfg = Debug|Any CPU
		{D43D515E-F0A7-4A87-B959-A98C8974965F}.Debug|Any CPU.Build.0 = Debug|Any CPU
		{D43D515E-F0A7-4A87-B959-A98C8974965F}.Release|Any CPU.ActiveCfg = Release|Any CPU
		{D43D515E-F0A7-4A87-B959-A98C8974965F}.Release|Any CPU.Build.0 = Release|Any CPU
		{00261D04-8B71-42DA-A4A5-95950B58FBE0}.Debug|Any CPU.ActiveCfg = Debug|Any CPU
		{00261D04-8B71-42DA-A4A5-95950B58FBE0}.Debug|Any CPU.Build.0 = Debug|Any CPU
		{00261D04-8B71-42DA-A4A5-95950B58FBE0}.Release|Any CPU.ActiveCfg = Release|Any CPU
		{00261D04-8B71-42DA-A4A5-95950B58FBE0}.Release|Any CPU.Build.0 = Release|Any CPU
	EndGlobalSection
	GlobalSection(SolutionProperties) = preSolution
		HideSolutionNode = FALSE
	EndGlobalSection
EndGlobal
