
Microsoft Visual Studio Solution File, Format Version 11.00
# Visual Studio 2010
Project("{FAE04EC0-301F-11D3-BF4B-00C04F79EFBC}") = "LibGP.Utils", "..\libs\LibGP.Utils\LibGP.Utils.csproj", "{00261D04-8B71-42DA-A4A5-95950B58FBE0}"
EndProject
Project("{FAE04EC0-301F-11D3-BF4B-00C04F79EFBC}") = "LibDIV2", "..\libs\LibDIV2\LibDIV2.csproj", "{0A9B67DB-67AC-43DC-A073-CAFFA8D408CA}"
EndProject
Project("{2150E333-8FDC-42A3-9474-1A3956D46DE8}") = "Tools", "Tools", "{1B09CF42-3611-4E07-A666-B4807D6AA756}"
EndProject
Project("{2150E333-8FDC-42A3-9474-1A3956D46DE8}") = "Libraries", "Libraries", "{A5E68FA8-9C71-46BC-9128-364CA75B0247}"
EndProject
Project("{FAE04EC0-301F-11D3-BF4B-00C04F79EFBC}") = "GPKEditor", "GPKEditor\GPKEditor.csproj", "{19515CB4-3C2F-4257-AA94-93A48B0288DC}"
EndProject
Project("{FAE04EC0-301F-11D3-BF4B-00C04F79EFBC}") = "LibGP.Lite", "..\libs\LibGP.Lite\LibGP.Lite.csproj", "{1D0AC69E-7702-49F6-9199-A5C6A41E761D}"
EndProject
Project("{FAE04EC0-301F-11D3-BF4B-00C04F79EFBC}") = "Littera2GPK", "Littera2GPK\Littera2GPK.csproj", "{A98DFBE7-259F-47A5-99D0-0300B7C2C60C}"
EndProject
Project("{FAE04EC0-301F-11D3-BF4B-00C04F79EFBC}") = "FPG2GPK", "FPG2GPK\FPG2GPK.csproj", "{203D7D73-DA71-43F0-ACFB-B6EE4C53A6FE}"
EndProject
Project("{FAE04EC0-301F-11D3-BF4B-00C04F79EFBC}") = "FNT2GPK", "FNT2GPK\FNT2GPK.csproj", "{8E7B1C9F-4B9C-4D25-85ED-2EDA8E602E98}"
EndProject
Global
	GlobalSection(SolutionConfigurationPlatforms) = preSolution
		Debug|Any CPU = Debug|Any CPU
		Release|Any CPU = Release|Any CPU
	EndGlobalSection
	GlobalSection(ProjectConfigurationPlatforms) = postSolution
		{00261D04-8B71-42DA-A4A5-95950B58FBE0}.Debug|Any CPU.ActiveCfg = Debug|Any CPU
		{00261D04-8B71-42DA-A4A5-95950B58FBE0}.Debug|Any CPU.Build.0 = Debug|Any CPU
		{00261D04-8B71-42DA-A4A5-95950B58FBE0}.Release|Any CPU.ActiveCfg = Release|Any CPU
		{00261D04-8B71-42DA-A4A5-95950B58FBE0}.Release|Any CPU.Build.0 = Release|Any CPU
		{0A9B67DB-67AC-43DC-A073-CAFFA8D408CA}.Debug|Any CPU.ActiveCfg = Debug|Any CPU
		{0A9B67DB-67AC-43DC-A073-CAFFA8D408CA}.Debug|Any CPU.Build.0 = Debug|Any CPU
		{0A9B67DB-67AC-43DC-A073-CAFFA8D408CA}.Release|Any CPU.ActiveCfg = Release|Any CPU
		{0A9B67DB-67AC-43DC-A073-CAFFA8D408CA}.Release|Any CPU.Build.0 = Release|Any CPU
		{19515CB4-3C2F-4257-AA94-93A48B0288DC}.Debug|Any CPU.ActiveCfg = Debug|Any CPU
		{19515CB4-3C2F-4257-AA94-93A48B0288DC}.Debug|Any CPU.Build.0 = Debug|Any CPU
		{19515CB4-3C2F-4257-AA94-93A48B0288DC}.Release|Any CPU.ActiveCfg = Release|Any CPU
		{19515CB4-3C2F-4257-AA94-93A48B0288DC}.Release|Any CPU.Build.0 = Release|Any CPU
		{1D0AC69E-7702-49F6-9199-A5C6A41E761D}.Debug|Any CPU.ActiveCfg = Debug|Any CPU
		{1D0AC69E-7702-49F6-9199-A5C6A41E761D}.Debug|Any CPU.Build.0 = Debug|Any CPU
		{1D0AC69E-7702-49F6-9199-A5C6A41E761D}.Release|Any CPU.ActiveCfg = Release|Any CPU
		{1D0AC69E-7702-49F6-9199-A5C6A41E761D}.Release|Any CPU.Build.0 = Release|Any CPU
		{A98DFBE7-259F-47A5-99D0-0300B7C2C60C}.Debug|Any CPU.ActiveCfg = Debug|Any CPU
		{A98DFBE7-259F-47A5-99D0-0300B7C2C60C}.Debug|Any CPU.Build.0 = Debug|Any CPU
		{A98DFBE7-259F-47A5-99D0-0300B7C2C60C}.Release|Any CPU.ActiveCfg = Release|Any CPU
		{A98DFBE7-259F-47A5-99D0-0300B7C2C60C}.Release|Any CPU.Build.0 = Release|Any CPU
		{203D7D73-DA71-43F0-ACFB-B6EE4C53A6FE}.Debug|Any CPU.ActiveCfg = Debug|Any CPU
		{203D7D73-DA71-43F0-ACFB-B6EE4C53A6FE}.Debug|Any CPU.Build.0 = Debug|Any CPU
		{203D7D73-DA71-43F0-ACFB-B6EE4C53A6FE}.Release|Any CPU.ActiveCfg = Release|Any CPU
		{203D7D73-DA71-43F0-ACFB-B6EE4C53A6FE}.Release|Any CPU.Build.0 = Release|Any CPU
		{8E7B1C9F-4B9C-4D25-85ED-2EDA8E602E98}.Debug|Any CPU.ActiveCfg = Debug|Any CPU
		{8E7B1C9F-4B9C-4D25-85ED-2EDA8E602E98}.Debug|Any CPU.Build.0 = Debug|Any CPU
		{8E7B1C9F-4B9C-4D25-85ED-2EDA8E602E98}.Release|Any CPU.ActiveCfg = Release|Any CPU
		{8E7B1C9F-4B9C-4D25-85ED-2EDA8E602E98}.Release|Any CPU.Build.0 = Release|Any CPU
	EndGlobalSection
	GlobalSection(SolutionProperties) = preSolution
		HideSolutionNode = FALSE
	EndGlobalSection
	GlobalSection(NestedProjects) = preSolution
		{19515CB4-3C2F-4257-AA94-93A48B0288DC} = {1B09CF42-3611-4E07-A666-B4807D6AA756}
		{A98DFBE7-259F-47A5-99D0-0300B7C2C60C} = {1B09CF42-3611-4E07-A666-B4807D6AA756}
		{203D7D73-DA71-43F0-ACFB-B6EE4C53A6FE} = {1B09CF42-3611-4E07-A666-B4807D6AA756}
		{8E7B1C9F-4B9C-4D25-85ED-2EDA8E602E98} = {1B09CF42-3611-4E07-A666-B4807D6AA756}
		{0A9B67DB-67AC-43DC-A073-CAFFA8D408CA} = {A5E68FA8-9C71-46BC-9128-364CA75B0247}
		{00261D04-8B71-42DA-A4A5-95950B58FBE0} = {A5E68FA8-9C71-46BC-9128-364CA75B0247}
		{1D0AC69E-7702-49F6-9199-A5C6A41E761D} = {A5E68FA8-9C71-46BC-9128-364CA75B0247}
	EndGlobalSection
EndGlobal
